
Microsoft Visual Studio Solution File, Format Version 12.00
# Visual Studio Version 17
VisualStudioVersion = 17.0.31903.59
MinimumVisualStudioVersion = 10.0.40219.1
Project("{9A19103F-16F7-4668-BE54-9A1E7A4F7556}") = "Sol2016", "src\Sol2016\Sol2016.csproj", "{C83F983C-D0FF-4D65-B67E-0CA50BA56144}"
EndProject
Project("{2150E333-8FDC-42A3-9474-1A3956D46DE8}") = "Solution Items", "Solution Items", "{DA0988DD-78C2-4E0F-AEB2-16D6B4673423}"
	ProjectSection(SolutionItems) = preProject
		Sol1757.sql = Sol1757.sql
	EndProjectSection
EndProject
Global
	GlobalSection(SolutionConfigurationPlatforms) = preSolution
		Debug|Any CPU = Debug|Any CPU
		Release|Any CPU = Release|Any CPU
	EndGlobalSection
	GlobalSection(ProjectConfigurationPlatforms) = postSolution
		{C83F983C-D0FF-4D65-B67E-0CA50BA56144}.Debug|Any CPU.ActiveCfg = Debug|Any CPU
		{C83F983C-D0FF-4D65-B67E-0CA50BA56144}.Debug|Any CPU.Build.0 = Debug|Any CPU
		{C83F983C-D0FF-4D65-B67E-0CA50BA56144}.Release|Any CPU.ActiveCfg = Release|Any CPU
		{C83F983C-D0FF-4D65-B67E-0CA50BA56144}.Release|Any CPU.Build.0 = Release|Any CPU
	EndGlobalSection
	GlobalSection(SolutionProperties) = preSolution
		HideSolutionNode = FALSE
	EndGlobalSection
	GlobalSection(ExtensibilityGlobals) = postSolution
		SolutionGuid = {76789C86-2C10-4C9E-ACC0-BA1787D3592B}
	EndGlobalSection
EndGlobal
